
Microsoft Visual Studio Solution File, Format Version 12.00
# Visual Studio Version 16
VisualStudioVersion = 16.0.31112.23
MinimumVisualStudioVersion = 10.0.40219.1
Project("{9A19103F-16F7-4668-BE54-9A1E7A4F7556}") = "YouLookGoodInPrint.Server", "Server\YouLookGoodInPrint.Server.csproj", "{845902EE-E684-4D2A-B5FB-152DFB19C9D8}"
EndProject
Project("{9A19103F-16F7-4668-BE54-9A1E7A4F7556}") = "YouLookGoodInPrint.Client", "Client\YouLookGoodInPrint.Client.csproj", "{84CC045C-DD6E-4C2B-89AC-A04151F2A057}"
EndProject
Project("{9A19103F-16F7-4668-BE54-9A1E7A4F7556}") = "YouLookGoodInPrint.Shared", "Shared\YouLookGoodInPrint.Shared.csproj", "{95944F18-68BF-4C36-B1B7-2921BC07ED6A}"
EndProject
Global
	GlobalSection(SolutionConfigurationPlatforms) = preSolution
		Debug|Any CPU = Debug|Any CPU
		Release|Any CPU = Release|Any CPU
	EndGlobalSection
	GlobalSection(ProjectConfigurationPlatforms) = postSolution
		{845902EE-E684-4D2A-B5FB-152DFB19C9D8}.Debug|Any CPU.ActiveCfg = Debug|Any CPU
		{845902EE-E684-4D2A-B5FB-152DFB19C9D8}.Debug|Any CPU.Build.0 = Debug|Any CPU
		{845902EE-E684-4D2A-B5FB-152DFB19C9D8}.Release|Any CPU.ActiveCfg = Release|Any CPU
		{845902EE-E684-4D2A-B5FB-152DFB19C9D8}.Release|Any CPU.Build.0 = Release|Any CPU
		{84CC045C-DD6E-4C2B-89AC-A04151F2A057}.Debug|Any CPU.ActiveCfg = Debug|Any CPU
		{84CC045C-DD6E-4C2B-89AC-A04151F2A057}.Debug|Any CPU.Build.0 = Debug|Any CPU
		{84CC045C-DD6E-4C2B-89AC-A04151F2A057}.Release|Any CPU.ActiveCfg = Release|Any CPU
		{84CC045C-DD6E-4C2B-89AC-A04151F2A057}.Release|Any CPU.Build.0 = Release|Any CPU
		{95944F18-68BF-4C36-B1B7-2921BC07ED6A}.Debug|Any CPU.ActiveCfg = Debug|Any CPU
		{95944F18-68BF-4C36-B1B7-2921BC07ED6A}.Debug|Any CPU.Build.0 = Debug|Any CPU
		{95944F18-68BF-4C36-B1B7-2921BC07ED6A}.Release|Any CPU.ActiveCfg = Release|Any CPU
		{95944F18-68BF-4C36-B1B7-2921BC07ED6A}.Release|Any CPU.Build.0 = Release|Any CPU
	EndGlobalSection
	GlobalSection(SolutionProperties) = preSolution
		HideSolutionNode = FALSE
	EndGlobalSection
	GlobalSection(ExtensibilityGlobals) = postSolution
		SolutionGuid = {0F77931B-DA50-4B13-892E-F37599EB584C}
	EndGlobalSection
EndGlobal
